// !$*UTF8*$!
{
	archiveVersion = 1;
	classes = {
	};
	objectVersion = 48;
	objects = {

/* Begin PBXBuildFile section */
		C9A5DAB71FF9F89900871156 /* AppDelegate.swift in Sources */ = {isa = PBXBuildFile; fileRef = C9A5DAB61FF9F89900871156 /* AppDelegate.swift */; };
		C9A5DAB91FF9F89900871156 /* ViewController.swift in Sources */ = {isa = PBXBuildFile; fileRef = C9A5DAB81FF9F89900871156 /* ViewController.swift */; };
		C9A5DABC1FF9F89900871156 /* Main.storyboard in Resources */ = {isa = PBXBuildFile; fileRef = C9A5DABA1FF9F89900871156 /* Main.storyboard */; };
		C9A5DABE1FF9F89900871156 /* Assets.xcassets in Resources */ = {isa = PBXBuildFile; fileRef = C9A5DABD1FF9F89900871156 /* Assets.xcassets */; };
		C9A5DAC11FF9F89900871156 /* LaunchScreen.storyboard in Resources */ = {isa = PBXBuildFile; fileRef = C9A5DABF1FF9F89900871156 /* LaunchScreen.storyboard */; };
		C9A5DACA1FF9F99100871156 /* HUTBaseEffect.swift in Sources */ = {isa = PBXBuildFile; fileRef = C9A5DAC91FF9F99100871156 /* HUTBaseEffect.swift */; };
		C9A5DACC1FF9FC1000871156 /* HUTVertex.swift in Sources */ = {isa = PBXBuildFile; fileRef = C9A5DACB1FF9FC1000871156 /* HUTVertex.swift */; };
		C9A5DACE1FF9FC3800871156 /* HUTSimpleFragment.glsl in Resources */ = {isa = PBXBuildFile; fileRef = C9A5DACD1FF9FC3800871156 /* HUTSimpleFragment.glsl */; };
		C9A5DAD01FF9FC4E00871156 /* HUTSimpleVertex.glsl in Resources */ = {isa = PBXBuildFile; fileRef = C9A5DACF1FF9FC4E00871156 /* HUTSimpleVertex.glsl */; };
/* End PBXBuildFile section */

/* Begin PBXFileReference section */
		C9A5DAB31FF9F89900871156 /* TrangleShapeChange.app */ = {isa = PBXFileReference; explicitFileType = wrapper.application; includeInIndex = 0; path = TrangleShapeChange.app; sourceTree = BUILT_PRODUCTS_DIR; };
		C9A5DAB61FF9F89900871156 /* AppDelegate.swift */ = {isa = PBXFileReference; lastKnownFileType = sourcecode.swift; path = AppDelegate.swift; sourceTree = "<group>"; };
		C9A5DAB81FF9F89900871156 /* ViewController.swift */ = {isa = PBXFileReference; lastKnownFileType = sourcecode.swift; path = ViewController.swift; sourceTree = "<group>"; };
		C9A5DABB1FF9F89900871156 /* Base */ = {isa = PBXFileReference; lastKnownFileType = file.storyboard; name = Base; path = Base.lproj/Main.storyboard; sourceTree = "<group>"; };
		C9A5DABD1FF9F89900871156 /* Assets.xcassets */ = {isa = PBXFileReference; lastKnownFileType = folder.assetcatalog; path = Assets.xcassets; sourceTree = "<group>"; };
		C9A5DAC01FF9F89900871156 /* Base */ = {isa = PBXFileReference; lastKnownFileType = file.storyboard; name = Base; path = Base.lproj/LaunchScreen.storyboard; sourceTree = "<group>"; };
		C9A5DAC21FF9F89900871156 /* Info.plist */ = {isa = PBXFileReference; lastKnownFileType = text.plist.xml; path = Info.plist; sourceTree = "<group>"; };
		C9A5DAC91FF9F99100871156 /* HUTBaseEffect.swift */ = {isa = PBXFileReference; lastKnownFileType = sourcecode.swift; path = HUTBaseEffect.swift; sourceTree = "<group>"; };
		C9A5DACB1FF9FC1000871156 /* HUTVertex.swift */ = {isa = PBXFileReference; lastKnownFileType = sourcecode.swift; path = HUTVertex.swift; sourceTree = "<group>"; };
		C9A5DACD1FF9FC3800871156 /* HUTSimpleFragment.glsl */ = {isa = PBXFileReference; lastKnownFileType = text; path = HUTSimpleFragment.glsl; sourceTree = "<group>"; };
		C9A5DACF1FF9FC4E00871156 /* HUTSimpleVertex.glsl */ = {isa = PBXFileReference; lastKnownFileType = text; path = HUTSimpleVertex.glsl; sourceTree = "<group>"; };
		C9A5DAD11FFA14D500871156 /* TrangleShapeChange-Bridging-Header.h */ = {isa = PBXFileReference; lastKnownFileType = sourcecode.c.h; path = "TrangleShapeChange-Bridging-Header.h"; sourceTree = "<group>"; };
/* End PBXFileReference section */

/* Begin PBXFrameworksBuildPhase section */
		C9A5DAB01FF9F89900871156 /* Frameworks */ = {
			isa = PBXFrameworksBuildPhase;
			buildActionMask = 2147483647;
			files = (
			);
			runOnlyForDeploymentPostprocessing = 0;
		};
/* End PBXFrameworksBuildPhase section */

/* Begin PBXGroup section */
		C9A5DAAA1FF9F89900871156 = {
			isa = PBXGroup;
			children = (
				C9A5DAB51FF9F89900871156 /* TrangleShapeChange */,
				C9A5DAB41FF9F89900871156 /* Products */,
			);
			sourceTree = "<group>";
		};
		C9A5DAB41FF9F89900871156 /* Products */ = {
			isa = PBXGroup;
			children = (
				C9A5DAB31FF9F89900871156 /* TrangleShapeChange.app */,
			);
			name = Products;
			sourceTree = "<group>";
		};
		C9A5DAB51FF9F89900871156 /* TrangleShapeChange */ = {
			isa = PBXGroup;
			children = (
				C9A5DAC81FF9F92100871156 /* Resources */,
				C9A5DAB61FF9F89900871156 /* AppDelegate.swift */,
				C9A5DAB81FF9F89900871156 /* ViewController.swift */,
				C9A5DABA1FF9F89900871156 /* Main.storyboard */,
				C9A5DABD1FF9F89900871156 /* Assets.xcassets */,
				C9A5DABF1FF9F89900871156 /* LaunchScreen.storyboard */,
				C9A5DAC21FF9F89900871156 /* Info.plist */,
				C9A5DAD11FFA14D500871156 /* TrangleShapeChange-Bridging-Header.h */,
			);
			path = TrangleShapeChange;
			sourceTree = "<group>";
		};
		C9A5DAC81FF9F92100871156 /* Resources */ = {
			isa = PBXGroup;
			children = (
				C9A5DAC91FF9F99100871156 /* HUTBaseEffect.swift */,
				C9A5DACB1FF9FC1000871156 /* HUTVertex.swift */,
				C9A5DACD1FF9FC3800871156 /* HUTSimpleFragment.glsl */,
				C9A5DACF1FF9FC4E00871156 /* HUTSimpleVertex.glsl */,
			);
			path = Resources;
			sourceTree = "<group>";
		};
/* End PBXGroup section */

/* Begin PBXNativeTarget section */
		C9A5DAB21FF9F89900871156 /* TrangleShapeChange */ = {
			isa = PBXNativeTarget;
			buildConfigurationList = C9A5DAC51FF9F89900871156 /* Build configuration list for PBXNativeTarget "TrangleShapeChange" */;
			buildPhases = (
				C9A5DAAF1FF9F89900871156 /* Sources */,
				C9A5DAB01FF9F89900871156 /* Frameworks */,
				C9A5DAB11FF9F89900871156 /* Resources */,
			);
			buildRules = (
			);
			dependencies = (
			);
			name = TrangleShapeChange;
			productName = TrangleShapeChange;
			productReference = C9A5DAB31FF9F89900871156 /* TrangleShapeChange.app */;
			productType = "com.apple.product-type.application";
		};
/* End PBXNativeTarget section */

/* Begin PBXProject section */
		C9A5DAAB1FF9F89900871156 /* Project object */ = {
			isa = PBXProject;
			attributes = {
				LastSwiftUpdateCheck = 0920;
				LastUpgradeCheck = 0920;
				ORGANIZATIONNAME = CCApril;
				TargetAttributes = {
					C9A5DAB21FF9F89900871156 = {
						CreatedOnToolsVersion = 9.2;
						LastSwiftMigration = 0920;
						ProvisioningStyle = Manual;
					};
				};
			};
			buildConfigurationList = C9A5DAAE1FF9F89900871156 /* Build configuration list for PBXProject "TrangleShapeChange" */;
			compatibilityVersion = "Xcode 8.0";
			developmentRegion = en;
			hasScannedForEncodings = 0;
			knownRegions = (
				en,
				Base,
			);
			mainGroup = C9A5DAAA1FF9F89900871156;
			productRefGroup = C9A5DAB41FF9F89900871156 /* Products */;
			projectDirPath = "";
			projectRoot = "";
			targets = (
				C9A5DAB21FF9F89900871156 /* TrangleShapeChange */,
			);
		};
/* End PBXProject section */

/* Begin PBXResourcesBuildPhase section */
		C9A5DAB11FF9F89900871156 /* Resources */ = {
			isa = PBXResourcesBuildPhase;
			buildActionMask = 2147483647;
			files = (
				C9A5DAC11FF9F89900871156 /* LaunchScreen.storyboard in Resources */,
				C9A5DACE1FF9FC3800871156 /* HUTSimpleFragment.glsl in Resources */,
				C9A5DAD01FF9FC4E00871156 /* HUTSimpleVertex.glsl in Resources */,
				C9A5DABE1FF9F89900871156 /* Assets.xcassets in Resources */,
				C9A5DABC1FF9F89900871156 /* Main.storyboard in Resources */,
			);
			runOnlyForDeploymentPostprocessing = 0;
		};
/* End PBXResourcesBuildPhase section */

/* Begin PBXSourcesBuildPhase section */
		C9A5DAAF1FF9F89900871156 /* Sources */ = {
			isa = PBXSourcesBuildPhase;
			buildActionMask = 2147483647;
			files = (
				C9A5DACA1FF9F99100871156 /* HUTBaseEffect.swift in Sources */,
				C9A5DACC1FF9FC1000871156 /* HUTVertex.swift in Sources */,
				C9A5DAB91FF9F89900871156 /* ViewController.swift in Sources */,
				C9A5DAB71FF9F89900871156 /* AppDelegate.swift in Sources */,
			);
			runOnlyForDeploymentPostprocessing = 0;
		};
/* End PBXSourcesBuildPhase section */

/* Begin PBXVariantGroup section */
		C9A5DABA1FF9F89900871156 /* Main.storyboard */ = {
			isa = PBXVariantGroup;
			children = (
				C9A5DABB1FF9F89900871156 /* Base */,
			);
			name = Main.storyboard;
			sourceTree = "<group>";
		};
		C9A5DABF1FF9F89900871156 /* LaunchScreen.storyboard */ = {
			isa = PBXVariantGroup;
			children = (
				C9A5DAC01FF9F89900871156 /* Base */,
			);
			name = LaunchScreen.storyboard;
			sourceTree = "<group>";
		};
/* End PBXVariantGroup section */

/* Begin XCBuildConfiguration section */
		C9A5DAC31FF9F89900871156 /* Debug */ = {
			isa = XCBuildConfiguration;
			buildSettings = {
				ALWAYS_SEARCH_USER_PATHS = NO;
				CLANG_ANALYZER_NONNULL = YES;
				CLANG_ANALYZER_NUMBER_OBJECT_CONVERSION = YES_AGGRESSIVE;
				CLANG_CXX_LANGUAGE_STANDARD = "gnu++14";
				CLANG_CXX_LIBRARY = "libc++";
				CLANG_ENABLE_MODULES = YES;
				CLANG_ENABLE_OBJC_ARC = YES;
				CLANG_WARN_BLOCK_CAPTURE_AUTORELEASING = YES;
				CLANG_WARN_BOOL_CONVERSION = YES;
				CLANG_WARN_COMMA = YES;
				CLANG_WARN_CONSTANT_CONVERSION = YES;
				CLANG_WARN_DIRECT_OBJC_ISA_USAGE = YES_ERROR;
				CLANG_WARN_DOCUMENTATION_COMMENTS = YES;
				CLANG_WARN_EMPTY_BODY = YES;
				CLANG_WARN_ENUM_CONVERSION = YES;
				CLANG_WARN_INFINITE_RECURSION = YES;
				CLANG_WARN_INT_CONVERSION = YES;
				CLANG_WARN_NON_LITERAL_NULL_CONVERSION = YES;
				CLANG_WARN_OBJC_LITERAL_CONVERSION = YES;
				CLANG_WARN_OBJC_ROOT_CLASS = YES_ERROR;
				CLANG_WARN_RANGE_LOOP_ANALYSIS = YES;
				CLANG_WARN_STRICT_PROTOTYPES = YES;
				CLANG_WARN_SUSPICIOUS_MOVE = YES;
				CLANG_WARN_UNGUARDED_AVAILABILITY = YES_AGGRESSIVE;
				CLANG_WARN_UNREACHABLE_CODE = YES;
				CLANG_WARN__DUPLICATE_METHOD_MATCH = YES;
				CODE_SIGN_IDENTITY = "iPhone Developer";
				COPY_PHASE_STRIP = NO;
				DEBUG_INFORMATION_FORMAT = dwarf;
				ENABLE_STRICT_OBJC_MSGSEND = YES;
				ENABLE_TESTABILITY = YES;
				GCC_C_LANGUAGE_STANDARD = gnu11;
				GCC_DYNAMIC_NO_PIC = NO;
				GCC_NO_COMMON_BLOCKS = YES;
				GCC_OPTIMIZATION_LEVEL = 0;
				GCC_PREPROCESSOR_DEFINITIONS = (
					"DEBUG=1",
					"$(inherited)",
				);
				GCC_WARN_64_TO_32_BIT_CONVERSION = YES;
				GCC_WARN_ABOUT_RETURN_TYPE = YES_ERROR;
				GCC_WARN_UNDECLARED_SELECTOR = YES;
				GCC_WARN_UNINITIALIZED_AUTOS = YES_AGGRESSIVE;
				GCC_WARN_UNUSED_FUNCTION = YES;
				GCC_WARN_UNUSED_VARIABLE = YES;
				IPHONEOS_DEPLOYMENT_TARGET = 11.2;
				MTL_ENABLE_DEBUG_INFO = YES;
				ONLY_ACTIVE_ARCH = YES;
				SDKROOT = iphoneos;
				SWIFT_ACTIVE_COMPILATION_CONDITIONS = DEBUG;
				SWIFT_OPTIMIZATION_LEVEL = "-Onone";
			};
			name = Debug;
		};
		C9A5DAC41FF9F89900871156 /* Release */ = {
			isa = XCBuildConfiguration;
			buildSettings = {
				ALWAYS_SEARCH_USER_PATHS = NO;
				CLANG_ANALYZER_NONNULL = YES;
				CLANG_ANALYZER_NUMBER_OBJECT_CONVERSION = YES_AGGRESSIVE;
				CLANG_CXX_LANGUAGE_STANDARD = "gnu++14";
				CLANG_CXX_LIBRARY = "libc++";
				CLANG_ENABLE_MODULES = YES;
				CLANG_ENABLE_OBJC_ARC = YES;
				CLANG_WARN_BLOCK_CAPTURE_AUTORELEASING = YES;
				CLANG_WARN_BOOL_CONVERSION = YES;
				CLANG_WARN_COMMA = YES;
				CLANG_WARN_CONSTANT_CONVERSION = YES;
				CLANG_WARN_DIRECT_OBJC_ISA_USAGE = YES_ERROR;
				CLANG_WARN_DOCUMENTATION_COMMENTS = YES;
				CLANG_WARN_EMPTY_BODY = YES;
				CLANG_WARN_ENUM_CONVERSION = YES;
				CLANG_WARN_INFINITE_RECURSION = YES;
				CLANG_WARN_INT_CONVERSION = YES;
				CLANG_WARN_NON_LITERAL_NULL_CONVERSION = YES;
				CLANG_WARN_OBJC_LITERAL_CONVERSION = YES;
				CLANG_WARN_OBJC_ROOT_CLASS = YES_ERROR;
				CLANG_WARN_RANGE_LOOP_ANALYSIS = YES;
				CLANG_WARN_STRICT_PROTOTYPES = YES;
				CLANG_WARN_SUSPICIOUS_MOVE = YES;
				CLANG_WARN_UNGUARDED_AVAILABILITY = YES_AGGRESSIVE;
				CLANG_WARN_UNREACHABLE_CODE = YES;
				CLANG_WARN__DUPLICATE_METHOD_MATCH = YES;
				CODE_SIGN_IDENTITY = "iPhone Developer";
				COPY_PHASE_STRIP = NO;
				DEBUG_INFORMATION_FORMAT = "dwarf-with-dsym";
				ENABLE_NS_ASSERTIONS = NO;
				ENABLE_STRICT_OBJC_MSGSEND = YES;
				GCC_C_LANGUAGE_STANDARD = gnu11;
				GCC_NO_COMMON_BLOCKS = YES;
				GCC_WARN_64_TO_32_BIT_CONVERSION = YES;
				GCC_WARN_ABOUT_RETURN_TYPE = YES_ERROR;
				GCC_WARN_UNDECLARED_SELECTOR = YES;
				GCC_WARN_UNINITIALIZED_AUTOS = YES_AGGRESSIVE;
				GCC_WARN_UNUSED_FUNCTION = YES;
				GCC_WARN_UNUSED_VARIABLE = YES;
				IPHONEOS_DEPLOYMENT_TARGET = 11.2;
				MTL_ENABLE_DEBUG_INFO = NO;
				SDKROOT = iphoneos;
				SWIFT_OPTIMIZATION_LEVEL = "-Owholemodule";
				VALIDATE_PRODUCT = YES;
			};
			name = Release;
		};
		C9A5DAC61FF9F89900871156 /* Debug */ = {
			isa = XCBuildConfiguration;
			buildSettings = {
				ASSETCATALOG_COMPILER_APPICON_NAME = AppIcon;
				CLANG_ENABLE_MODULES = YES;
				CODE_SIGN_STYLE = Manual;
				DEFINES_MODULE = YES;
				DEVELOPMENT_TEAM = "";
				INFOPLIST_FILE = TrangleShapeChange/Info.plist;
				LD_RUNPATH_SEARCH_PATHS = "$(inherited) @executable_path/Frameworks";
				PRODUCT_BUNDLE_IDENTIFIER = com.april.TrangleShapeChange;
				PRODUCT_NAME = "$(TARGET_NAME)";
				PROVISIONING_PROFILE_SPECIFIER = "";
				SWIFT_OBJC_BRIDGING_HEADER = "TrangleShapeChange/TrangleShapeChange-Bridging-Header.h";
				SWIFT_OPTIMIZATION_LEVEL = "-Onone";
				SWIFT_VERSION = 4.0;
				TARGETED_DEVICE_FAMILY = "1,2";
			};
			name = Debug;
		};
		C9A5DAC71FF9F89900871156 /* Release */ = {
			isa = XCBuildConfiguration;
			buildSettings = {
				ASSETCATALOG_COMPILER_APPICON_NAME = AppIcon;
				CLANG_ENABLE_MODULES = YES;
				CODE_SIGN_STYLE = Manual;
				DEFINES_MODULE = YES;
				DEVELOPMENT_TEAM = "";
				INFOPLIST_FILE = TrangleShapeChange/Info.plist;
				LD_RUNPATH_SEARCH_PATHS = "$(inherited) @executable_path/Frameworks";
				PRODUCT_BUNDLE_IDENTIFIER = com.april.TrangleShapeChange;
				PRODUCT_NAME = "$(TARGET_NAME)";
				PROVISIONING_PROFILE_SPECIFIER = "";
				SWIFT_OBJC_BRIDGING_HEADER = "TrangleShapeChange/TrangleShapeChange-Bridging-Header.h";
				SWIFT_VERSION = 4.0;
				TARGETED_DEVICE_FAMILY = "1,2";
			};
			name = Release;
		};
/* End XCBuildConfiguration section */

/* Begin XCConfigurationList section */
		C9A5DAAE1FF9F89900871156 /* Build configuration list for PBXProject "TrangleShapeChange" */ = {
			isa = XCConfigurationList;
			buildConfigurations = (
				C9A5DAC31FF9F89900871156 /* Debug */,
				C9A5DAC41FF9F89900871156 /* Release */,
			);
			defaultConfigurationIsVisible = 0;
			defaultConfigurationName = Release;
		};
		C9A5DAC51FF9F89900871156 /* Build configuration list for PBXNativeTarget "TrangleShapeChange" */ = {
			isa = XCConfigurationList;
			buildConfigurations = (
				C9A5DAC61FF9F89900871156 /* Debug */,
				C9A5DAC71FF9F89900871156 /* Release */,
			);
			defaultConfigurationIsVisible = 0;
			defaultConfigurationName = Release;
		};
/* End XCConfigurationList section */
	};
	rootObject = C9A5DAAB1FF9F89900871156 /* Project object */;
}
